
Microsoft Visual Studio Solution File, Format Version 12.00
# Visual Studio Version 16
VisualStudioVersion = 16.0.28803.452
MinimumVisualStudioVersion = 10.0.40219.1
Project("{8BC9CEB8-8B4A-11D0-8D11-00A0C91BC942}") = "game Tic Tac Toe", "game Tic Tac Toe\game Tic Tac Toe.vcxproj", "{8D32935B-2813-46D0-9888-B461A0F4E47C}"
EndProject
Global
	GlobalSection(SolutionConfigurationPlatforms) = preSolution
		Debug|x64 = Debug|x64
		Debug|x86 = Debug|x86
		Release|x64 = Release|x64
		Release|x86 = Release|x86
	EndGlobalSection
	GlobalSection(ProjectConfigurationPlatforms) = postSolution
		{8D32935B-2813-46D0-9888-B461A0F4E47C}.Debug|x64.ActiveCfg = Debug|x64
		{8D32935B-2813-46D0-9888-B461A0F4E47C}.Debug|x64.Build.0 = Debug|x64
		{8D32935B-2813-46D0-9888-B461A0F4E47C}.Debug|x86.ActiveCfg = Debug|Win32
		{8D32935B-2813-46D0-9888-B461A0F4E47C}.Debug|x86.Build.0 = Debug|Win32
		{8D32935B-2813-46D0-9888-B461A0F4E47C}.Release|x64.ActiveCfg = Release|x64
		{8D32935B-2813-46D0-9888-B461A0F4E47C}.Release|x64.Build.0 = Release|x64
		{8D32935B-2813-46D0-9888-B461A0F4E47C}.Release|x86.ActiveCfg = Release|Win32
		{8D32935B-2813-46D0-9888-B461A0F4E47C}.Release|x86.Build.0 = Release|Win32
	EndGlobalSection
	GlobalSection(SolutionProperties) = preSolution
		HideSolutionNode = FALSE
	EndGlobalSection
	GlobalSection(ExtensibilityGlobals) = postSolution
		SolutionGuid = {4A649630-9CA8-46E9-A3B8-CFCFF471507B}
	EndGlobalSection
EndGlobal
